PODS:
  - FSCalendar (2.8.2)
  - IQKeyboardManagerSwift (6.5.6)

DEPENDENCIES:
  - FSCalendar
  - IQKeyboardManagerSwift

SPEC REPOS:
  trunk:
    - FSCalendar
    - IQKeyboardManagerSwift

SPEC CHECKSUMS:
  FSCalendar: e6a2eb9c571bf0719ed797ef807e08426753c241
  IQKeyboardManagerSwift: c7df9d2deb356c04522f5c4b7b6e4ce4d8ed94fe

PODFILE CHECKSUM: 20591e44276dbd99ef33399b930b76488583f82d

COCOAPODS: 1.8.4
